
Microsoft Visual Studio Solution File, Format Version 12.00
# Visual Studio Version 17
VisualStudioVersion = 17.5.33530.505
MinimumVisualStudioVersion = 10.0.40219.1
Project("{FAE04EC0-301F-11D3-BF4B-00C04F79EFBC}") = "BookStore_API", "BookStore_API\BookStore_API.csproj", "{7F2876F1-CA5C-478B-90ED-3A4805655119}"
EndProject
Global
	GlobalSection(SolutionConfigurationPlatforms) = preSolution
		Debug|Any CPU = Debug|Any CPU
		Release|Any CPU = Release|Any CPU
	EndGlobalSection
	GlobalSection(ProjectConfigurationPlatforms) = postSolution
		{7F2876F1-CA5C-478B-90ED-3A4805655119}.Debug|Any CPU.ActiveCfg = Debug|Any CPU
		{7F2876F1-CA5C-478B-90ED-3A4805655119}.Debug|Any CPU.Build.0 = Debug|Any CPU
		{7F2876F1-CA5C-478B-90ED-3A4805655119}.Release|Any CPU.ActiveCfg = Release|Any CPU
		{7F2876F1-CA5C-478B-90ED-3A4805655119}.Release|Any CPU.Build.0 = Release|Any CPU
	EndGlobalSection
	GlobalSection(SolutionProperties) = preSolution
		HideSolutionNode = FALSE
	EndGlobalSection
	GlobalSection(ExtensibilityGlobals) = postSolution
		SolutionGuid = {D5B11570-EDC4-4607-B1E3-0CA0DE3991E1}
	EndGlobalSection
EndGlobal
